
Microsoft Visual Studio Solution File, Format Version 12.00
# Visual Studio Version 17
VisualStudioVersion = 17.1.32328.378
MinimumVisualStudioVersion = 10.0.40219.1
Project("{9A19103F-16F7-4668-BE54-9A1E7A4F7556}") = "AuctionUtility", "AuctionUtility.csproj", "{691A2200-8F40-43E1-81AC-5ACC78D3B9A3}"
EndProject
Global
	GlobalSection(SolutionConfigurationPlatforms) = preSolution
		Debug|Any CPU = Debug|Any CPU
		Release|Any CPU = Release|Any CPU
	EndGlobalSection
	GlobalSection(ProjectConfigurationPlatforms) = postSolution
		{691A2200-8F40-43E1-81AC-5ACC78D3B9A3}.Debug|Any CPU.ActiveCfg = Debug|Any CPU
		{691A2200-8F40-43E1-81AC-5ACC78D3B9A3}.Debug|Any CPU.Build.0 = Debug|Any CPU
		{691A2200-8F40-43E1-81AC-5ACC78D3B9A3}.Release|Any CPU.ActiveCfg = Release|Any CPU
		{691A2200-8F40-43E1-81AC-5ACC78D3B9A3}.Release|Any CPU.Build.0 = Release|Any CPU
	EndGlobalSection
	GlobalSection(SolutionProperties) = preSolution
		HideSolutionNode = FALSE
	EndGlobalSection
	GlobalSection(ExtensibilityGlobals) = postSolution
		SolutionGuid = {7C18E1FC-3DDB-4A89-BB65-FB94C5ABBADE}
	EndGlobalSection
EndGlobal
